# THIS IS AN AUTOGENERATED FILE. DO NOT EDIT THIS FILE DIRECTLY.
# yarn lockfile v1


"@callstack/react-theme-provider@3.0.9":
  version "3.0.9"
  resolved "https://registry.yarnpkg.com/@callstack/react-theme-provider/-/react-theme-provider-3.0.9.tgz#01035fa1231f1fffc1a806be1b55eb82716e80c1"
  integrity sha512-tTQ0uDSCL0ypeMa8T/E9wAZRGKWj8kXP7+6RYgPTfOPs9N07C9xM8P02GJ3feETap4Ux5S69D9nteq9mEj86NA==
  dependencies:
    deepmerge "^3.2.0"
    hoist-non-react-statics "^3.3.0"

deepmerge@^3.2.0:
  version "3.3.0"
  resolved "https://registry.yarnpkg.com/deepmerge/-/deepmerge-3.3.0.tgz#d3c47fd6f3a93d517b14426b0628a17b0125f5f7"
  integrity sha512-GRQOafGHwMHpjPx9iCvTgpu9NojZ49q794EEL94JVEw6VaeA8XTUyBKvAkOOjBX9oJNiV6G3P+T+tihFjo2TqA==

fuse.js@3.4.5:
  version "3.4.5"
  resolved "https://registry.yarnpkg.com/fuse.js/-/fuse.js-3.4.5.tgz#8954fb43f9729bd5dbcb8c08f251db552595a7a6"
  integrity sha512-s9PGTaQIkT69HaeoTVjwGsLfb8V8ScJLx5XGFcKHg0MqLUH/UZ4EKOtqtXX9k7AFqCGxD1aJmYb8Q5VYDibVRQ==

google-libphonenumber@^3.2.10:
  version "3.2.33"
  resolved "https://registry.yarnpkg.com/google-libphonenumber/-/google-libphonenumber-3.2.33.tgz#948b877914eb7f35fc6d311220472bf9bd6b27d4"
  integrity sha512-1QKCvAlfq8zY1mviORI9lDzM3I/hwm9+h0CwYBTLq59DBbSHMd5zBOLqHZFiBLicRpwIz46Nynvbywj1XApKvA==

hoist-non-react-statics@^3.3.0:
  version "3.3.2"
  resolved "https://registry.yarnpkg.com/hoist-non-react-statics/-/hoist-non-react-statics-3.3.2.tgz#ece0acaf71d62c2969c2ec59feff42a4b1a85b45"
  integrity sha512-/gGivxi8JPKWNm/W0jSmzcMPpfpPLc3dY/6GxhX2hQ9iGj3aDfklV4ET7NjKpSinLpJ5vafa9iiGIEZg10SfBw==
  dependencies:
    react-is "^16.7.0"

lodash@^4.17.21:
  version "4.17.21"
  resolved "https://registry.yarnpkg.com/lodash/-/lodash-4.17.21.tgz#679591c564c3bffaae8454cf0b3df370c3d6911c"
  integrity sha512-v2kDEe57lecTulaDIuNTPy3Ry4gLGJ6Z1O3vE1krgXZNrsQ+LFTGHVxVjcXPs17LhbZVGedAJv8XZ1tvj5FvSg==

node-emoji@1.11.0:
  version "1.11.0"
  resolved "https://registry.yarnpkg.com/node-emoji/-/node-emoji-1.11.0.tgz#69a0150e6946e2f115e9d7ea4df7971e2628301c"
  integrity sha512-wo2DpQkQp7Sjm2A0cq+sN7EHKO6Sl0ctXeBdFZrL9T9+UywORbufTcTZxom8YqpLQt/FqNMUkOpkZrJVYSKD3A==
  dependencies:
    lodash "^4.17.21"

react-async-hook@4.0.0:
  version "4.0.0"
  resolved "https://registry.yarnpkg.com/react-async-hook/-/react-async-hook-4.0.0.tgz#1f0467586654e1f33b7433bd98c300a0c5f9b3d0"
  integrity sha512-97lgjFkOcHCTYSrsKBpsXg3iVWM0LnzedB749iP76sb3/8Ouu4nHIkCLEOrQWHVYqrYxjF05NN6GHoXWFkB3Kw==

react-is@^16.7.0:
  version "16.13.1"
  resolved "https://registry.yarnpkg.com/react-is/-/react-is-16.13.1.tgz#789729a4dc36de2999dc156dd6c1d9c18cea56a4"
  integrity sha512-24e6ynE2H+OKt4kqsOvNd8kBpV65zoxbA4BVsEOB3ARVWQki/DHzaUoC5KuON/BiccDaCCTZBuOcfZs70kR8bQ==

react-native-country-picker-modal@pgvidscrip/react-native-country-picker-modal:
  version "2.0.0"
  resolved "https://codeload.github.com/pgvidscrip/react-native-country-picker-modal/tar.gz/f4207eb8717248c0cdec3b7856491d1dbf74b843"
  dependencies:
    "@callstack/react-theme-provider" "3.0.9"
    fuse.js "3.4.5"
    node-emoji "1.11.0"
    react-async-hook "4.0.0"
